// !$*UTF8*$!
{
	archiveVersion = 1;
	classes = {
	};
	objectVersion = 56;
	objects = {

/* Begin PBXBuildFile section */
		A10000000000000000000022 /* LinkedInAISlop Extension.appex in Embed App Extensions */ = {isa = PBXBuildFile; fileRef = A10000000000000000000005 /* LinkedInAISlop Extension.appex */; settings = {ATTRIBUTES = (RemoveHeadersOnCopy, ); }; };
/* End PBXBuildFile section */

/* Begin PBXCopyFilesBuildPhase section */
		A10000000000000000000011 /* Embed App Extensions */ = {
			isa = PBXCopyFilesBuildPhase;
			buildActionMask = 2147483647;
			dstPath = "";
			dstSubfolderSpec = 13;
			files = (
				A10000000000000000000022 /* LinkedInAISlop Extension.appex in Embed App Extensions */,
			);
			name = "Embed App Extensions";
			runOnlyForDeploymentPostprocessing = 0;
		};
/* End PBXCopyFilesBuildPhase section */

/* Begin PBXFileReference section */
		A10000000000000000000004 /* LinkedIn AI Slop.app */ = {isa = PBXFileReference; explicitFileType = wrapper.application; includeInIndex = 0; path = "LinkedIn AI Slop.app"; sourceTree = BUILT_PRODUCTS_DIR; };
		A10000000000000000000005 /* LinkedInAISlop Extension.appex */ = {isa = PBXFileReference; explicitFileType = "wrapper.app-extension"; includeInIndex = 0; path = "LinkedInAISlop Extension.appex"; sourceTree = BUILT_PRODUCTS_DIR; };
		A10000000000000000000006 /* LinkedInAISlopApp.swift */ = {isa = PBXFileReference; lastKnownFileType = sourcecode.swift; path = LinkedInAISlopApp.swift; sourceTree = "<group>"; };
		A10000000000000000000007 /* SafariWebExtensionHandler.swift */ = {isa = PBXFileReference; lastKnownFileType = sourcecode.swift; path = SafariWebExtensionHandler.swift; sourceTree = "<group>"; };
		A10000000000000000000008 /* Info.plist */ = {isa = PBXFileReference; lastKnownFileType = text.plist.xml; path = Info.plist; sourceTree = "<group>"; };
		A10000000000000000000009 /* Info.plist */ = {isa = PBXFileReference; lastKnownFileType = text.plist.xml; path = Info.plist; sourceTree = "<group>"; };
		A1000000000000000000000A /* LinkedInAISlop.entitlements */ = {isa = PBXFileReference; lastKnownFileType = text.plist.entitlements; path = LinkedInAISlop.entitlements; sourceTree = "<group>"; };
		A1000000000000000000000B /* LinkedInAISlopExtension.entitlements */ = {isa = PBXFileReference; lastKnownFileType = text.plist.entitlements; path = LinkedInAISlopExtension.entitlements; sourceTree = "<group>"; };
/* End PBXFileReference section */

/* Begin PBXFrameworksBuildPhase section */
		A1000000000000000000000F /* Frameworks */ = {
			isa = PBXFrameworksBuildPhase;
			buildActionMask = 2147483647;
			files = (
			);
			runOnlyForDeploymentPostprocessing = 0;
		};
		A10000000000000000000010 /* Frameworks */ = {
			isa = PBXFrameworksBuildPhase;
			buildActionMask = 2147483647;
			files = (
			);
			runOnlyForDeploymentPostprocessing = 0;
		};
/* End PBXFrameworksBuildPhase section */

/* Begin PBXGroup section */
		A10000000000000000000014 = {
			isa = PBXGroup;
			children = (
				A10000000000000000000015 /* LinkedInAISlop */,
				A10000000000000000000016 /* LinkedInAISlop Extension */,
				A10000000000000000000017 /* Products */,
			);
			sourceTree = "<group>";
		};
		A10000000000000000000015 /* LinkedInAISlop */ = {
			isa = PBXGroup;
			children = (
				A10000000000000000000006 /* LinkedInAISlopApp.swift */,
				A10000000000000000000008 /* Info.plist */,
				A1000000000000000000000A /* LinkedInAISlop.entitlements */,
			);
			path = LinkedInAISlop;
			sourceTree = "<group>";
		};
		A10000000000000000000016 /* LinkedInAISlop Extension */ = {
			isa = PBXGroup;
			children = (
				A10000000000000000000007 /* SafariWebExtensionHandler.swift */,
				A10000000000000000000009 /* Info.plist */,
				A1000000000000000000000B /* LinkedInAISlopExtension.entitlements */,
			);
			path = "LinkedInAISlop Extension";
			sourceTree = "<group>";
		};
		A10000000000000000000017 /* Products */ = {
			isa = PBXGroup;
			children = (
				A10000000000000000000004 /* LinkedIn AI Slop.app */,
				A10000000000000000000005 /* LinkedInAISlop Extension.appex */,
			);
			name = Products;
			sourceTree = "<group>";
		};
/* End PBXGroup section */

/* Begin PBXNativeTarget section */
		A10000000000000000000002 /* LinkedInAISlop */ = {
			isa = PBXNativeTarget;
			buildConfigurationList = A10000000000000000000019 /* Build configuration list for PBXNativeTarget "LinkedInAISlop" */;
			buildPhases = (
				A1000000000000000000000D /* Sources */,
				A1000000000000000000000F /* Frameworks */,
				A10000000000000000000012 /* Resources */,
				A10000000000000000000011 /* Embed App Extensions */,
			);
			buildRules = (
			);
			dependencies = (
				A10000000000000000000023 /* PBXTargetDependency */,
			);
			name = LinkedInAISlop;
			productName = LinkedInAISlop;
			productReference = A10000000000000000000004 /* LinkedIn AI Slop.app */;
			productType = "com.apple.product-type.application";
		};
		A10000000000000000000003 /* LinkedInAISlop Extension */ = {
			isa = PBXNativeTarget;
			buildConfigurationList = A1000000000000000000001A /* Build configuration list for PBXNativeTarget "LinkedInAISlop Extension" */;
			buildPhases = (
				A1000000000000000000000E /* Sources */,
				A10000000000000000000010 /* Frameworks */,
				A10000000000000000000013 /* Resources */,
				A1000000000000000000000C /* Sync Web Extension Resources */,
			);
			buildRules = (
			);
			dependencies = (
			);
			name = "LinkedInAISlop Extension";
			productName = "LinkedInAISlop Extension";
			productReference = A10000000000000000000005 /* LinkedInAISlop Extension.appex */;
			productType = "com.apple.product-type.app-extension";
		};
/* End PBXNativeTarget section */

/* Begin PBXProject section */
		A10000000000000000000001 /* Project object */ = {
			isa = PBXProject;
			attributes = {
				BuildIndependentTargetsInParallel = 1;
				LastUpgradeCheck = 1600;
				TargetAttributes = {
					A10000000000000000000002 = {
						CreatedOnToolsVersion = 16.0;
					};
					A10000000000000000000003 = {
						CreatedOnToolsVersion = 16.0;
					};
				};
			};
			buildConfigurationList = A10000000000000000000018 /* Build configuration list for PBXProject "LinkedInAISlop" */;
			compatibilityVersion = "Xcode 14.0";
			developmentRegion = en;
			hasScannedForEncodings = 0;
			knownRegions = (
				en,
				Base,
			);
			mainGroup = A10000000000000000000014;
			productRefGroup = A10000000000000000000017 /* Products */;
			projectDirPath = "";
			projectRoot = "";
			targets = (
				A10000000000000000000002 /* LinkedInAISlop */,
				A10000000000000000000003 /* LinkedInAISlop Extension */,
			);
		};
/* End PBXProject section */

/* Begin PBXResourcesBuildPhase section */
		A10000000000000000000012 /* Resources */ = {
			isa = PBXResourcesBuildPhase;
			buildActionMask = 2147483647;
			files = (
			);
			runOnlyForDeploymentPostprocessing = 0;
		};
		A10000000000000000000013 /* Resources */ = {
			isa = PBXResourcesBuildPhase;
			buildActionMask = 2147483647;
			files = (
			);
			runOnlyForDeploymentPostprocessing = 0;
		};
/* End PBXResourcesBuildPhase section */

/* Begin PBXShellScriptBuildPhase section */
		A1000000000000000000000C /* Sync Web Extension Resources */ = {
			isa = PBXShellScriptBuildPhase;
			alwaysOutOfDate = 1;
			buildActionMask = 2147483647;
			files = (
			);
			inputPaths = (
			);
			name = "Sync Web Extension Resources";
			outputPaths = (
			);
			runOnlyForDeploymentPostprocessing = 0;
			shellPath = /bin/bash;
			shellScript = "\"${SRCROOT}/sync-resources.sh\"\n";
		};
/* End PBXShellScriptBuildPhase section */

/* Begin PBXSourcesBuildPhase section */
		A1000000000000000000000D /* Sources */ = {
			isa = PBXSourcesBuildPhase;
			buildActionMask = 2147483647;
			files = (
				A10000000000000000000024 /* LinkedInAISlopApp.swift in Sources */,
			);
			runOnlyForDeploymentPostprocessing = 0;
		};
		A1000000000000000000000E /* Sources */ = {
			isa = PBXSourcesBuildPhase;
			buildActionMask = 2147483647;
			files = (
				A10000000000000000000025 /* SafariWebExtensionHandler.swift in Sources */,
			);
			runOnlyForDeploymentPostprocessing = 0;
		};
/* End PBXSourcesBuildPhase section */

/* Begin PBXTargetDependency section */
		A10000000000000000000023 /* PBXTargetDependency */ = {
			isa = PBXTargetDependency;
			target = A10000000000000000000003 /* LinkedInAISlop Extension */;
			targetProxy = A10000000000000000000026 /* PBXContainerItemProxy */;
		};
/* End PBXTargetDependency section */

/* Begin PBXContainerItemProxy section */
		A10000000000000000000026 /* PBXContainerItemProxy */ = {
			isa = PBXContainerItemProxy;
			containerPortal = A10000000000000000000001 /* Project object */;
			proxyType = 1;
			remoteGlobalIDString = A10000000000000000000003;
			remoteInfo = "LinkedInAISlop Extension";
		};
/* End PBXContainerItemProxy section */

/* Begin PBXBuildFile section */
		A10000000000000000000024 /* LinkedInAISlopApp.swift in Sources */ = {isa = PBXBuildFile; fileRef = A10000000000000000000006 /* LinkedInAISlopApp.swift */; };
		A10000000000000000000025 /* SafariWebExtensionHandler.swift in Sources */ = {isa = PBXBuildFile; fileRef = A10000000000000000000007 /* SafariWebExtensionHandler.swift */; };
/* End PBXBuildFile section */

/* Begin XCBuildConfiguration section */
		A1000000000000000000001B /* Debug */ = {
			isa = XCBuildConfiguration;
			buildSettings = {
				ALWAYS_SEARCH_USER_PATHS = NO;
				CLANG_ENABLE_MODULES = YES;
				COPY_PHASE_STRIP = NO;
				DEBUG_INFORMATION_FORMAT = dwarf;
				ENABLE_STRICT_OBJC_MSGSEND = YES;
				GCC_DYNAMIC_NO_PIC = NO;
				GCC_OPTIMIZATION_LEVEL = 0;
				MACOSX_DEPLOYMENT_TARGET = 13.0;
				ONLY_ACTIVE_ARCH = YES;
				SDKROOT = macosx;
				SWIFT_ACTIVE_COMPILATION_CONDITIONS = DEBUG;
				SWIFT_OPTIMIZATION_LEVEL = "-Onone";
			};
			name = Debug;
		};
		A1000000000000000000001C /* Release */ = {
			isa = XCBuildConfiguration;
			buildSettings = {
				ALWAYS_SEARCH_USER_PATHS = NO;
				CLANG_ENABLE_MODULES = YES;
				COPY_PHASE_STRIP = NO;
				DEBUG_INFORMATION_FORMAT = "dwarf-with-dsym";
				ENABLE_NS_ASSERTIONS = NO;
				ENABLE_STRICT_OBJC_MSGSEND = YES;
				MACOSX_DEPLOYMENT_TARGET = 13.0;
				SDKROOT = macosx;
				SWIFT_COMPILATION_MODE = wholemodule;
			};
			name = Release;
		};
		A1000000000000000000001D /* Debug */ = {
			isa = XCBuildConfiguration;
			buildSettings = {
				CODE_SIGN_ENTITLEMENTS = LinkedInAISlop/LinkedInAISlop.entitlements;
				CODE_SIGN_IDENTITY = "-";
				CODE_SIGN_STYLE = Manual;
				CODE_SIGNING_REQUIRED = NO;
				COMBINE_HIDPI_IMAGES = YES;
				CURRENT_PROJECT_VERSION = 1;
				DEVELOPMENT_TEAM = "";
				ENABLE_HARDENED_RUNTIME = YES;
				GENERATE_INFOPLIST_FILE = NO;
				INFOPLIST_FILE = LinkedInAISlop/Info.plist;
				LD_RUNPATH_SEARCH_PATHS = (
					"$(inherited)",
					"@executable_path/../Frameworks",
				);
				MARKETING_VERSION = 0.2.0;
				PRODUCT_BUNDLE_IDENTIFIER = com.pawelmamcarz.linkedin-ai-slop;
				PRODUCT_NAME = "LinkedIn AI Slop";
				SWIFT_EMIT_LOC_STRINGS = YES;
				SWIFT_VERSION = 5.0;
			};
			name = Debug;
		};
		A1000000000000000000001E /* Release */ = {
			isa = XCBuildConfiguration;
			buildSettings = {
				CODE_SIGN_ENTITLEMENTS = LinkedInAISlop/LinkedInAISlop.entitlements;
				CODE_SIGN_IDENTITY = "-";
				CODE_SIGN_STYLE = Manual;
				CODE_SIGNING_REQUIRED = NO;
				COMBINE_HIDPI_IMAGES = YES;
				CURRENT_PROJECT_VERSION = 1;
				DEVELOPMENT_TEAM = "";
				ENABLE_HARDENED_RUNTIME = YES;
				GENERATE_INFOPLIST_FILE = NO;
				INFOPLIST_FILE = LinkedInAISlop/Info.plist;
				LD_RUNPATH_SEARCH_PATHS = (
					"$(inherited)",
					"@executable_path/../Frameworks",
				);
				MARKETING_VERSION = 0.2.0;
				PRODUCT_BUNDLE_IDENTIFIER = com.pawelmamcarz.linkedin-ai-slop;
				PRODUCT_NAME = "LinkedIn AI Slop";
				SWIFT_EMIT_LOC_STRINGS = YES;
				SWIFT_VERSION = 5.0;
			};
			name = Release;
		};
		A1000000000000000000001F /* Debug */ = {
			isa = XCBuildConfiguration;
			buildSettings = {
				CODE_SIGN_ENTITLEMENTS = "LinkedInAISlop Extension/LinkedInAISlopExtension.entitlements";
				CODE_SIGN_IDENTITY = "-";
				CODE_SIGN_STYLE = Manual;
				CODE_SIGNING_REQUIRED = NO;
				CURRENT_PROJECT_VERSION = 1;
				DEVELOPMENT_TEAM = "";
				GENERATE_INFOPLIST_FILE = NO;
				INFOPLIST_FILE = "LinkedInAISlop Extension/Info.plist";
				LD_RUNPATH_SEARCH_PATHS = (
					"$(inherited)",
					"@executable_path/../Frameworks",
					"@executable_path/../../../../Frameworks",
				);
				MARKETING_VERSION = 0.2.0;
				OTHER_LDFLAGS = (
					"$(inherited)",
					"-framework",
					SafariServices,
				);
				PRODUCT_BUNDLE_IDENTIFIER = com.pawelmamcarz.linkedin-ai-slop.extension;
				PRODUCT_NAME = "$(TARGET_NAME)";
				SKIP_INSTALL = YES;
				SWIFT_EMIT_LOC_STRINGS = YES;
				SWIFT_VERSION = 5.0;
			};
			name = Debug;
		};
		A10000000000000000000020 /* Release */ = {
			isa = XCBuildConfiguration;
			buildSettings = {
				CODE_SIGN_ENTITLEMENTS = "LinkedInAISlop Extension/LinkedInAISlopExtension.entitlements";
				CODE_SIGN_IDENTITY = "-";
				CODE_SIGN_STYLE = Manual;
				CODE_SIGNING_REQUIRED = NO;
				CURRENT_PROJECT_VERSION = 1;
				DEVELOPMENT_TEAM = "";
				GENERATE_INFOPLIST_FILE = NO;
				INFOPLIST_FILE = "LinkedInAISlop Extension/Info.plist";
				LD_RUNPATH_SEARCH_PATHS = (
					"$(inherited)",
					"@executable_path/../Frameworks",
					"@executable_path/../../../../Frameworks",
				);
				MARKETING_VERSION = 0.2.0;
				OTHER_LDFLAGS = (
					"$(inherited)",
					"-framework",
					SafariServices,
				);
				PRODUCT_BUNDLE_IDENTIFIER = com.pawelmamcarz.linkedin-ai-slop.extension;
				PRODUCT_NAME = "$(TARGET_NAME)";
				SKIP_INSTALL = YES;
				SWIFT_EMIT_LOC_STRINGS = YES;
				SWIFT_VERSION = 5.0;
			};
			name = Release;
		};
/* End XCBuildConfiguration section */

/* Begin XCConfigurationList section */
		A10000000000000000000018 /* Build configuration list for PBXProject "LinkedInAISlop" */ = {
			isa = XCConfigurationList;
			buildConfigurations = (
				A1000000000000000000001B /* Debug */,
				A1000000000000000000001C /* Release */,
			);
			defaultConfigurationIsVisible = 0;
			defaultConfigurationName = Release;
		};
		A10000000000000000000019 /* Build configuration list for PBXNativeTarget "LinkedInAISlop" */ = {
			isa = XCConfigurationList;
			buildConfigurations = (
				A1000000000000000000001D /* Debug */,
				A1000000000000000000001E /* Release */,
			);
			defaultConfigurationIsVisible = 0;
			defaultConfigurationName = Release;
		};
		A1000000000000000000001A /* Build configuration list for PBXNativeTarget "LinkedInAISlop Extension" */ = {
			isa = XCConfigurationList;
			buildConfigurations = (
				A1000000000000000000001F /* Debug */,
				A10000000000000000000020 /* Release */,
			);
			defaultConfigurationIsVisible = 0;
			defaultConfigurationName = Release;
		};
/* End XCConfigurationList section */
	};
	rootObject = A10000000000000000000001 /* Project object */;
}
